{
  "name": "advrtizx-intro",
  "version": "1.0.0",
  "lockfileVersion": 3,
  "requires": true,
  "packages": {
    "": {
      "name": "advrtizx-intro",
      "version": "1.0.0",
      "dependencies": {
        "three": "0.186.1"
      },
      "devDependencies": {
        "@fontsource-variable/mona-sans": "^5.3.0",
        "@fontsource/noto-kufi-arabic": "^5.3.0",
        "@fontsource/noto-sans": "^5.3.0",
        "@fontsource/noto-sans-devanagari": "^5.3.0",
        "@fontsource/noto-sans-jp": "^5.3.0",
        "@fontsource/noto-sans-kr": "^5.3.0",
        "@fontsource/noto-sans-sc": "^5.3.0",
        "@fontsource/noto-sans-thai": "^5.3.0"
      }
    },
    "node_modules/@fontsource-variable/mona-sans": {
      "version": "5.3.0",
      "resolved": "https://registry.npmjs.org/@fontsource-variable/mona-sans/-/mona-sans-5.3.0.tgz",
      "integrity": "sha512-PkxRB3KI4z9Gjpk7vVqgO3GMSyQuOIIj4TaRDbvbcDj8SzWwI38jvLTQxJM/cTRorhcT7h8qjcllR+qjRtM/Fg==",
      "dev": true,
      "license": "OFL-1.1",
      "funding": {
        "url": "https://github.com/sponsors/ayuhito"
      }
    },
    "node_modules/@fontsource/noto-kufi-arabic": {
      "version": "5.3.0",
      "resolved": "https://registry.npmjs.org/@fontsource/noto-kufi-arabic/-/noto-kufi-arabic-5.3.0.tgz",
      "integrity": "sha512-3iSq8i00+omfUXFXuCUrNDz1ghck3HDXul3p3iAfY0Vd9NZqI1NcUNoAVPiUW+BaEQGYQSi+r0R3d1eoNK3OBg==",
      "dev": true,
      "license": "OFL-1.1",
      "funding": {
        "url": "https://github.com/sponsors/ayuhito"
      }
    },
    "node_modules/@fontsource/noto-sans": {
      "version": "5.3.0",
      "resolved": "https://registry.npmjs.org/@fontsource/noto-sans/-/noto-sans-5.3.0.tgz",
      "integrity": "sha512-fBCog2PY7DiVVTEEqtI/Qdinx/knobHYfoGpjFXdfBX5RoJaBp1Prw2G75p0OIsdlMZg3cLo0c+YbIUYOxnQJw==",
      "dev": true,
      "license": "OFL-1.1",
      "funding": {
        "url": "https://github.com/sponsors/ayuhito"
      }
    },
    "node_modules/@fontsource/noto-sans-devanagari": {
      "version": "5.3.0",
      "resolved": "https://registry.npmjs.org/@fontsource/noto-sans-devanagari/-/noto-sans-devanagari-5.3.0.tgz",
      "integrity": "sha512-7khYmipS/5KAUUmrO1DKir8yL8XI00d0+ZE9BqbS8XF1jzObv6CpPOk3UeYxF+Pvi8bx9bBvprBCOcbx/eQWTQ==",
      "dev": true,
      "license": "OFL-1.1",
      "funding": {
        "url": "https://github.com/sponsors/ayuhito"
      }
    },
    "node_modules/@fontsource/noto-sans-jp": {
      "version": "5.3.0",
      "resolved": "https://registry.npmjs.org/@fontsource/noto-sans-jp/-/noto-sans-jp-5.3.0.tgz",
      "integrity": "sha512-OZbBzZ8LrFRs2RFT2Cc0HUV2C2ZeSfyEXhDJWR0EZuZaraJfRubpvrFmUnCljuBDEkw8Vn6CE/+nf9dj9b+0lg==",
      "dev": true,
      "license": "OFL-1.1",
      "funding": {
        "url": "https://github.com/sponsors/ayuhito"
      }
    },
    "node_modules/@fontsource/noto-sans-kr": {
      "version": "5.3.0",
      "resolved": "https://registry.npmjs.org/@fontsource/noto-sans-kr/-/noto-sans-kr-5.3.0.tgz",
      "integrity": "sha512-/JnpTjaCOXW7xUoqOyCVYSr05VOkDy5Yla9O+WAEiS7u+yYLsmHoqj6v1W0bf91G8G3XA2+NnRS3CX2Tf/FVZg==",
      "dev": true,
      "license": "OFL-1.1",
      "funding": {
        "url": "https://github.com/sponsors/ayuhito"
      }
    },
    "node_modules/@fontsource/noto-sans-sc": {
      "version": "5.3.0",
      "resolved": "https://registry.npmjs.org/@fontsource/noto-sans-sc/-/noto-sans-sc-5.3.0.tgz",
      "integrity": "sha512-HeqIlGm0+ohOKxZLuHj1qW6r6avHH0OWdKERAcSDI0RQ+MXrteuLKA+M+5eOA8rYy0MFvOR5AT0fQo2rUkye0Q==",
      "dev": true,
      "license": "OFL-1.1",
      "funding": {
        "url": "https://github.com/sponsors/ayuhito"
      }
    },
    "node_modules/@fontsource/noto-sans-thai": {
      "version": "5.3.0",
      "resolved": "https://registry.npmjs.org/@fontsource/noto-sans-thai/-/noto-sans-thai-5.3.0.tgz",
      "integrity": "sha512-ngqUyvDukkZUHypQbUJvUdAeYa2aYZsyeDTsdqMudf7GK2F2TK19OZ5kbo+37qsBtkNpmAMhEObQnWnzPqzKUw==",
      "dev": true,
      "license": "OFL-1.1",
      "funding": {
        "url": "https://github.com/sponsors/ayuhito"
      }
    },
    "node_modules/three": {
      "version": "0.186.1",
      "resolved": "https://registry.npmjs.org/three/-/three-0.186.1.tgz",
      "integrity": "sha512-blFeqb49wRCSGUGj7gtpfnSGHy2lwDk94RhUmS1c/hTby70kvChbWpkJ4Pm1390LqzzvTmzgXKHPEafJwCb8jA==",
      "license": "MIT"
    }
  }
}
